schema: '2.0'
stages:
  make_dataset:
    cmd: python src/data/make_dataset.py
    deps:
    - path: src/data/make_dataset.py
      hash: md5
      md5: 9ee70cd2b15a09e8d6579e586736553a
      size: 2831
    outs:
    - path: data/interim
      hash: md5
      md5: 53a02a410f338b3fe433fe6cf9e070ea.dir
      size: 14130387
      nfiles: 1
  imputation:
    cmd: python src/imputation/imputation.py
    deps:
    - path: data/interim/merged.csv
      hash: md5
      md5: 7d0696fd0eade1e17baed921ca9f0d35
      size: 14130387
    - path: src/imputation/imputation.py
      hash: md5
      md5: fbf6d9366e2dcdbd347d2df5cc8c3ffb
      size: 4020
    outs:
    - path: data/imputed
      hash: md5
      md5: 839793b0b47ee7b5ef75bc6c43781f87.dir
      size: 23842670
      nfiles: 1
  build_features:
    cmd: python src/features/build_features.py
    deps:
    - path: data/imputed/imputation.csv
      hash: md5
      md5: df7394c01b1628d80e941325bd0b023a
      size: 23842670
    - path: src/features/build_features.py
      hash: md5
      md5: eafbc00cbdc2c36c629d965230deb375
      size: 5616
    outs:
    - path: data/final_model
      hash: md5
      md5: b1b50a328d99354127a2f5b5df425bd2.dir
      size: 12374049
      nfiles: 1
